<?xml version="1.0" encoding="UTF-8" standalone="yes" ?>
<CodeBlocks_project_file>
	<FileVersion major="1" minor="6" />
	<Project>
		<Option title="Zelda" />
		<Option pch_mode="2" />
		<Option compiler="gcc" />
		<Build>
			<Target title="Debug">
				<Option output="../bin/Zelda" prefix_auto="1" extension_auto="1" />
				<Option working_dir="../bin" />
				<Option object_output="obj/Debug/" />
				<Option type="1" />
				<Option compiler="gcc" />
				<Compiler>
					<Add option="-std=c++11" />
					<Add option="-g" />
					<Add option="-D_DEBUG" />
					<Add directory="include" />
				</Compiler>
			</Target>
			<Target title="Release">
				<Option output="../bin/Zelda" prefix_auto="1" extension_auto="1" />
				<Option working_dir="../bin" />
				<Option object_output="obj/Release/" />
				<Option type="0" />
				<Option compiler="gcc" />
				<Compiler>
					<Add option="-O2" />
					<Add directory="include" />
				</Compiler>
				<Linker>
					<Add option="-s" />
				</Linker>
			</Target>
		</Build>
		<Compiler>
			<Add option="-std=c++11" />
			<Add option="-fexceptions" />
			<Add directory="/usr/local/include/OGRE/Plugins/OctreeSceneManager" />
			<Add directory="/usr/local/include/PagedGeometry" />
			<Add directory="/usr/local/include/cegui-0" />
			<Add directory="/usr/local/include/bullet" />
			<Add directory="../Zelda" />
			<Add directory="../Zelda/Common" />
			<Add directory="." />
			<Add directory=".." />
		</Compiler>
		<Linker>
			<Add library="boost_system" />
			<Add library="boost_regex" />
			<Add library="../../tinyxml2/build_linux/libtinyxml2.so" />
			<Add directory="/bin/Debug" />
			<Add directory="/bin/Release" />
		</Linker>
		<ExtraCommands>
			<Add before="python ../tools/CreatePacks.py" />
			<Mode after="always" />
		</ExtraCommands>
		<Unit filename="../Zelda/Common/Android/Android.hpp" />
		<Unit filename="../Zelda/Common/Android/AndroidInput.hpp" />
		<Unit filename="../Zelda/Common/Android/Logger.hpp" />
		<Unit filename="../Zelda/Common/Android/OgreStaticPluginLoader.hpp" />
		<Unit filename="../Zelda/Common/Config/TypeDefines.hpp" />
		<Unit filename="../Zelda/Common/DotSceneLoader/DotSceneLoader.cpp" />
		<Unit filename="../Zelda/Common/DotSceneLoader/DotSceneLoader.hpp" />
		<Unit filename="../Zelda/Common/DotSceneLoader/DotSceneLoaderCallback.hpp" />
		<Unit filename="../Zelda/Common/DotSceneLoader/UserData.cpp" />
		<Unit filename="../Zelda/Common/DotSceneLoader/UserData.hpp" />
		<Unit filename="../Zelda/Common/FileManager/FileManager.cpp" />
		<Unit filename="../Zelda/Common/FileManager/FileManager.hpp" />
		<Unit filename="../Zelda/Common/GUI/GUIDebugPullMenu.cpp" />
		<Unit filename="../Zelda/Common/GUI/GUIDebugPullMenu.hpp" />
		<Unit filename="../Zelda/Common/GUI/GUIDirectionInput.cpp" />
		<Unit filename="../Zelda/Common/GUI/GUIDirectionInput.hpp" />
		<Unit filename="../Zelda/Common/GUI/GUIManager.cpp" />
		<Unit filename="../Zelda/Common/GUI/GUIManager.hpp" />
		<Unit filename="../Zelda/Common/GUI/GUIOverlay.hpp" />
		<Unit filename="../Zelda/Common/GUI/GUIPullMenu.cpp" />
		<Unit filename="../Zelda/Common/GUI/GUIPullMenu.hpp" />
		<Unit filename="../Zelda/Common/GUI/GUITouchButton.cpp" />
		<Unit filename="../Zelda/Common/GUI/GUITouchButton.hpp" />
		<Unit filename="../Zelda/Common/Game.cpp" />
		<Unit filename="../Zelda/Common/Game.hpp" />
		<Unit filename="../Zelda/Common/GameLogic/Entity.cpp" />
		<Unit filename="../Zelda/Common/GameLogic/Entity.hpp" />
		<Unit filename="../Zelda/Common/GameLogic/EntityManager.cpp" />
		<Unit filename="../Zelda/Common/GameLogic/EntityManager.hpp" />
		<Unit filename="../Zelda/Common/GameLogic/EntityStates.cpp" />
		<Unit filename="../Zelda/Common/GameLogic/EntityStates.hpp" />
		<Unit filename="../Zelda/Common/GameLogic/Events/Actions/Action.cpp" />
		<Unit filename="../Zelda/Common/GameLogic/Events/Actions/Action.hpp" />
		<Unit filename="../Zelda/Common/GameLogic/Events/Actions/ActionCreateObject.cpp" />
		<Unit filename="../Zelda/Common/GameLogic/Events/Actions/ActionCreateObject.hpp" />
		<Unit filename="../Zelda/Common/GameLogic/Events/Actions/ActionCreator.cpp" />
		<Unit filename="../Zelda/Common/GameLogic/Events/Actions/ActionCreator.hpp" />
		<Unit filename="../Zelda/Common/GameLogic/Events/Actions/ActionDeleteObject.cpp" />
		<Unit filename="../Zelda/Common/GameLogic/Events/Actions/ActionDeleteObject.hpp" />
		<Unit filename="../Zelda/Common/GameLogic/Events/Actions/ActionMessage.cpp" />
		<Unit filename="../Zelda/Common/GameLogic/Events/Actions/ActionMessage.hpp" />
		<Unit filename="../Zelda/Common/GameLogic/Events/Actions/ActionStartScript.cpp" />
		<Unit filename="../Zelda/Common/GameLogic/Events/Actions/ActionStartScript.hpp" />
		<Unit filename="../Zelda/Common/GameLogic/Events/Actions/ActionTypes.cpp" />
		<Unit filename="../Zelda/Common/GameLogic/Events/Actions/ActionTypes.hpp" />
		<Unit filename="../Zelda/Common/GameLogic/Events/Emitter/EmitOnCollision.cpp" />
		<Unit filename="../Zelda/Common/GameLogic/Events/Emitter/EmitOnCollision.hpp" />
		<Unit filename="../Zelda/Common/GameLogic/Events/Emitter/EmitOnInteraction.cpp" />
		<Unit filename="../Zelda/Common/GameLogic/Events/Emitter/EmitOnInteraction.hpp" />
		<Unit filename="../Zelda/Common/GameLogic/Events/Emitter/EmitOnReceivedDamage.cpp" />
		<Unit filename="../Zelda/Common/GameLogic/Events/Emitter/EmitOnReceivedDamage.hpp" />
		<Unit filename="../Zelda/Common/GameLogic/Events/Emitter/Emitter.cpp" />
		<Unit filename="../Zelda/Common/GameLogic/Events/Emitter/Emitter.hpp" />
		<Unit filename="../Zelda/Common/GameLogic/Events/Emitter/EmitterCreator.cpp" />
		<Unit filename="../Zelda/Common/GameLogic/Events/Emitter/EmitterCreator.hpp" />
		<Unit filename="../Zelda/Common/GameLogic/Events/Emitter/EmitterTypes.cpp" />
		<Unit filename="../Zelda/Common/GameLogic/Events/Emitter/EmitterTypes.hpp" />
		<Unit filename="../Zelda/Common/GameLogic/Events/Event.cpp" />
		<Unit filename="../Zelda/Common/GameLogic/Events/Event.hpp" />
		<Unit filename="../Zelda/Common/GameLogic/Events/RepeatTypes.cpp" />
		<Unit filename="../Zelda/Common/GameLogic/Events/RepeatTypes.hpp" />
		<Unit filename="../Zelda/Common/GameLogic/GameState.cpp" />
		<Unit filename="../Zelda/Common/GameLogic/GameState.hpp" />
		<Unit filename="../Zelda/Common/GameLogic/GameStateManager.cpp" />
		<Unit filename="../Zelda/Common/GameLogic/GameStateManager.hpp" />
		<Unit filename="../Zelda/Common/GameLogic/GameStateTypes.cpp" />
		<Unit filename="../Zelda/Common/GameLogic/GameStateTypes.hpp" />
		<Unit filename="../Zelda/Common/GameLogic/OutputStyle.hpp" />
		<Unit filename="../Zelda/Common/Input/GameInputCommand.hpp" />
		<Unit filename="../Zelda/Common/Input/GameInputListener.cpp" />
		<Unit filename="../Zelda/Common/Input/GameInputListener.hpp" />
		<Unit filename="../Zelda/Common/Input/GameInputManager.cpp" />
		<Unit filename="../Zelda/Common/Input/GameInputManager.hpp" />
		<Unit filename="../Zelda/Common/Input/InputDefines.hpp" />
		<Unit filename="../Zelda/Common/Input/InputListener.cpp" />
		<Unit filename="../Zelda/Common/Input/InputListener.hpp" />
		<Unit filename="../Zelda/Common/InputDefines.hpp" />
		<Unit filename="../Zelda/Common/Log.hpp" />
		<Unit filename="../Zelda/Common/Lua/LuaScript.cpp" />
		<Unit filename="../Zelda/Common/Lua/LuaScript.hpp" />
		<Unit filename="../Zelda/Common/Lua/LuaScriptBridge.cpp" />
		<Unit filename="../Zelda/Common/Lua/LuaScriptBridge.hpp" />
		<Unit filename="../Zelda/Common/Lua/LuaScriptManager.cpp" />
		<Unit filename="../Zelda/Common/Lua/LuaScriptManager.hpp" />
		<Unit filename="../Zelda/Common/Message/Message.cpp" />
		<Unit filename="../Zelda/Common/Message/Message.hpp" />
		<Unit filename="../Zelda/Common/Message/MessageCreator.cpp" />
		<Unit filename="../Zelda/Common/Message/MessageCreator.hpp" />
		<Unit filename="../Zelda/Common/Message/MessageDebug.cpp" />
		<Unit filename="../Zelda/Common/Message/MessageDebug.hpp" />
		<Unit filename="../Zelda/Common/Message/MessageEntityStateChanged.cpp" />
		<Unit filename="../Zelda/Common/Message/MessageEntityStateChanged.hpp" />
		<Unit filename="../Zelda/Common/Message/MessageHandler.cpp" />
		<Unit filename="../Zelda/Common/Message/MessageHandler.hpp" />
		<Unit filename="../Zelda/Common/Message/MessageHitpointsChanged.cpp" />
		<Unit filename="../Zelda/Common/Message/MessageHitpointsChanged.hpp" />
		<Unit filename="../Zelda/Common/Message/MessageInjector.cpp" />
		<Unit filename="../Zelda/Common/Message/MessageInjector.hpp" />
		<Unit filename="../Zelda/Common/Message/MessagePlayerPickupItem.cpp" />
		<Unit filename="../Zelda/Common/Message/MessagePlayerPickupItem.hpp" />
		<Unit filename="../Zelda/Common/Message/MessageSwitchMap.cpp" />
		<Unit filename="../Zelda/Common/Message/MessageSwitchMap.hpp" />
		<Unit filename="../Zelda/Common/Message/MessageTargetReached.cpp" />
		<Unit filename="../Zelda/Common/Message/MessageTargetReached.hpp" />
		<Unit filename="../Zelda/Common/Message/MessageTypes.cpp" />
		<Unit filename="../Zelda/Common/Message/MessageTypes.hpp" />
		<Unit filename="../Zelda/Common/OSX/OSX.hpp" />
		<Unit filename="../Zelda/Common/PauseManager/PauseCaller.cpp" />
		<Unit filename="../Zelda/Common/PauseManager/PauseCaller.hpp" />
		<Unit filename="../Zelda/Common/PauseManager/PauseListener.cpp" />
		<Unit filename="../Zelda/Common/PauseManager/PauseListener.hpp" />
		<Unit filename="../Zelda/Common/PauseManager/PauseManager.cpp" />
		<Unit filename="../Zelda/Common/PauseManager/PauseManager.hpp" />
		<Unit filename="../Zelda/Common/PauseManager/PauseTypes.hpp" />
		<Unit filename="../Zelda/Common/Physics/BtOgre.cpp" />
		<Unit filename="../Zelda/Common/Physics/BtOgreExtras.cpp" />
		<Unit filename="../Zelda/Common/Physics/BtOgreExtras.hpp" />
		<Unit filename="../Zelda/Common/Physics/BtOgreGP.hpp" />
		<Unit filename="../Zelda/Common/Physics/BtOgrePG.hpp" />
		<Unit filename="../Zelda/Common/Physics/PhysicsManager.cpp" />
		<Unit filename="../Zelda/Common/Physics/PhysicsManager.hpp" />
		<Unit filename="../Zelda/Common/Physics/PhysicsMasks.hpp" />
		<Unit filename="../Zelda/Common/Physics/PhysicsUserPointer.hpp" />
		<Unit filename="../Zelda/Common/ShaderGenerator.hpp" />
		<Unit filename="../Zelda/Common/Util/Assert.hpp" />
		<Unit filename="../Zelda/Common/Util/DebugDrawer.cpp" />
		<Unit filename="../Zelda/Common/Util/DebugDrawer.hpp" />
		<Unit filename="../Zelda/Common/Util/DeleteSceneNode.cpp" />
		<Unit filename="../Zelda/Common/Util/DeleteSceneNode.hpp" />
		<Unit filename="../Zelda/Common/Util/EnumIdMap.hpp" />
		<Unit filename="../Zelda/Common/Util/Sleep.cpp" />
		<Unit filename="../Zelda/Common/Util/Sleep.hpp" />
		<Unit filename="../Zelda/Common/Util/XMLHelper.cpp" />
		<Unit filename="../Zelda/Common/Util/XMLHelper.hpp" />
		<Unit filename="../Zelda/Common/XMLResources/Manager.cpp" />
		<Unit filename="../Zelda/Common/XMLResources/Manager.hpp" />
		<Unit filename="../Zelda/Common/main.cpp" />
		<Unit filename="../Zelda/Common/tinyxml2/tinyxml2.cpp" />
		<Unit filename="../Zelda/Common/tinyxml2/tinyxml2.hpp" />
		<Unit filename="../Zelda/GUIComponents/GUICounter.cpp" />
		<Unit filename="../Zelda/GUIComponents/GUICounter.hpp" />
		<Unit filename="../Zelda/GUIComponents/GUIHeartsDisplay.cpp" />
		<Unit filename="../Zelda/GUIComponents/GUIHeartsDisplay.hpp" />
		<Unit filename="../Zelda/GUIComponents/GUITextBox.cpp" />
		<Unit filename="../Zelda/GUIComponents/GUITextBox.hpp" />
		<Unit filename="../Zelda/MainMenu/MainMenu.cpp" />
		<Unit filename="../Zelda/MainMenu/MainMenu.hpp" />
		<Unit filename="../Zelda/MainMenu/SlotSelector.cpp" />
		<Unit filename="../Zelda/MainMenu/SlotSelector.hpp" />
		<Unit filename="../Zelda/TextConverter.cpp" />
		<Unit filename="../Zelda/TextConverter.hpp" />
		<Unit filename="../Zelda/World/Atlas/Atlas.cpp" />
		<Unit filename="../Zelda/World/Atlas/Atlas.hpp" />
		<Unit filename="../Zelda/World/Atlas/Map.cpp" />
		<Unit filename="../Zelda/World/Atlas/Map.hpp" />
		<Unit filename="../Zelda/World/Atlas/MapPack.cpp" />
		<Unit filename="../Zelda/World/Atlas/MapPack.hpp" />
		<Unit filename="../Zelda/World/Atlas/MapPackParserListener.hpp" />
		<Unit filename="../Zelda/World/Atlas/Region.cpp" />
		<Unit filename="../Zelda/World/Atlas/Region.hpp" />
		<Unit filename="../Zelda/World/Atlas/RegionInfo.hpp" />
		<Unit filename="../Zelda/World/Atlas/TileTypes.cpp" />
		<Unit filename="../Zelda/World/Atlas/TileTypes.hpp" />
		<Unit filename="../Zelda/World/Camera/AerialCameraPerspective.cpp" />
		<Unit filename="../Zelda/World/Camera/AerialCameraPerspective.hpp" />
		<Unit filename="../Zelda/World/Character/Character.cpp" />
		<Unit filename="../Zelda/World/Character/Character.hpp" />
		<Unit filename="../Zelda/World/Character/CharacterController.hpp" />
		<Unit filename="../Zelda/World/Character/CharacterControllerPhysicsListener.hpp" />
		<Unit filename="../Zelda/World/Character/CharacterController_Physics.cpp" />
		<Unit filename="../Zelda/World/Character/CharacterController_Physics.hpp" />
		<Unit filename="../Zelda/World/Character/FriendOrEnemyStates.hpp" />
		<Unit filename="../Zelda/World/Character/Person.cpp" />
		<Unit filename="../Zelda/World/Character/Person.hpp" />
		<Unit filename="../Zelda/World/Character/PersonController.cpp" />
		<Unit filename="../Zelda/World/Character/PersonController.hpp" />
		<Unit filename="../Zelda/World/Character/PersonTypes.cpp" />
		<Unit filename="../Zelda/World/Character/PersonTypes.hpp" />
		<Unit filename="../Zelda/World/Character/Player.cpp" />
		<Unit filename="../Zelda/World/Character/Player.hpp" />
		<Unit filename="../Zelda/World/Character/PlayerController.cpp" />
		<Unit filename="../Zelda/World/Character/PlayerController.hpp" />
		<Unit filename="../Zelda/World/Character/PlayerData.cpp" />
		<Unit filename="../Zelda/World/Character/PlayerData.hpp" />
		<Unit filename="../Zelda/World/Character/PlayerTool.cpp" />
		<Unit filename="../Zelda/World/Character/PlayerTool.hpp" />
		<Unit filename="../Zelda/World/Character/SimpleEnemy.cpp" />
		<Unit filename="../Zelda/World/Character/SimpleEnemy.hpp" />
		<Unit filename="../Zelda/World/Character/SimpleEnemyController.cpp" />
		<Unit filename="../Zelda/World/Character/SimpleEnemyController.hpp" />
		<Unit filename="../Zelda/World/Character/SimpleFriend.cpp" />
		<Unit filename="../Zelda/World/Character/SimpleFriend.hpp" />
		<Unit filename="../Zelda/World/Character/StandingPerson.cpp" />
		<Unit filename="../Zelda/World/Character/StandingPerson.hpp" />
		<Unit filename="../Zelda/World/Damage.cpp" />
		<Unit filename="../Zelda/World/Damage.hpp" />
		<Unit filename="../Zelda/World/DamageTypes.cpp" />
		<Unit filename="../Zelda/World/DamageTypes.hpp" />
		<Unit filename="../Zelda/World/GlobalCollisionShapesTypes.cpp" />
		<Unit filename="../Zelda/World/GlobalCollisionShapesTypes.hpp" />
		<Unit filename="../Zelda/World/HitableInterface.cpp" />
		<Unit filename="../Zelda/World/HitableInterface.hpp" />
		<Unit filename="../Zelda/World/Hitpoints.hpp" />
		<Unit filename="../Zelda/World/InteractionInterface.hpp" />
		<Unit filename="../Zelda/World/Items/ItemData.cpp" />
		<Unit filename="../Zelda/World/Items/ItemData.hpp" />
		<Unit filename="../Zelda/World/Items/ItemStatus.cpp" />
		<Unit filename="../Zelda/World/Items/ItemStatus.hpp" />
		<Unit filename="../Zelda/World/Items/ItemTypes.cpp" />
		<Unit filename="../Zelda/World/Items/ItemTypes.hpp" />
		<Unit filename="../Zelda/World/Messages/MessageItem.cpp" />
		<Unit filename="../Zelda/World/Messages/MessageItem.hpp" />
		<Unit filename="../Zelda/World/Messages/MessageShowText.cpp" />
		<Unit filename="../Zelda/World/Messages/MessageShowText.hpp" />
		<Unit filename="../Zelda/World/Messages/UserMessageCreator.cpp" />
		<Unit filename="../Zelda/World/Messages/UserMessageCreator.hpp" />
		<Unit filename="../Zelda/World/Messages/UserMessageTypes.cpp" />
		<Unit filename="../Zelda/World/Messages/UserMessageTypes.hpp" />
		<Unit filename="../Zelda/World/Objects/Object.cpp" />
		<Unit filename="../Zelda/World/Objects/Object.hpp" />
		<Unit filename="../Zelda/World/Objects/ObjectTypes.cpp" />
		<Unit filename="../Zelda/World/Objects/ObjectTypes.hpp" />
		<Unit filename="../Zelda/World/World.cpp" />
		<Unit filename="../Zelda/World/World.hpp" />
		<Unit filename="../Zelda/World/WorldEntity.cpp" />
		<Unit filename="../Zelda/World/WorldEntity.hpp" />
		<Unit filename="../Zelda/World/WorldGUI/HUD.cpp" />
		<Unit filename="../Zelda/World/WorldGUI/HUD.hpp" />
		<Unit filename="../Zelda/World/WorldGUI/WorldGUI.cpp" />
		<Unit filename="../Zelda/World/WorldGUI/WorldGUI.hpp" />
		<Unit filename="../Zelda/World/WorldGUI/WorldGUIItemSelector.cpp" />
		<Unit filename="../Zelda/World/WorldGUI/WorldGUIItemSelector.hpp" />
		<Unit filename="../Zelda/World/WorldGUI/WorldGUIItemViewer.cpp" />
		<Unit filename="../Zelda/World/WorldGUI/WorldGUIItemViewer.hpp" />
		<Unit filename="../Zelda/World/WorldGUI/WorldGUISimpleTouchButtons.cpp" />
		<Unit filename="../Zelda/World/WorldGUI/WorldGUISimpleTouchButtons.hpp" />
		<Unit filename="../Zelda/Zelda.cpp" />
		<Unit filename="../Zelda/Zelda.hpp" />
		<Extensions>
			<code_completion>
				<search_path add="/usr/local/include/OGRE" />
				<search_path add="/usr/local/include/cegui-0/CEGUI" />
				<search_path add="/usr/include/OIS" />
			</code_completion>
			<debugger />
			<envvars />
			<lib_finder>
				<lib name="OGRE" />
				<lib name="pthread-stubs" />
				<lib name="bullet" />
				<lib name="CEGUI-0" />
				<lib name="CEGUI-0-OGRE" />
				<lib name="OIS" />
				<lib name="OGRE-Overlay" />
				<lib name="lua5.2" />
			</lib_finder>
		</Extensions>
	</Project>
</CodeBlocks_project_file>
