<?xml version="1.0" encoding="UTF-8" standalone="yes" ?>
<CodeBlocks_project_file>
	<FileVersion major="1" minor="6" />
	<Project>
		<Option title="Zelda" />
		<Option pch_mode="2" />
		<Option compiler="gcc" />
		<Build>
			<Target title="Debug">
				<Option output="../bin/Zelda" prefix_auto="1" extension_auto="1" />
				<Option working_dir="../bin" />
				<Option object_output="obj/Debug/" />
				<Option type="1" />
				<Option compiler="gcc" />
				<Compiler>
					<Add option="-std=c++11" />
					<Add option="-g" />
					<Add option="-D_DEBUG" />
					<Add directory="include" />
				</Compiler>
			</Target>
			<Target title="Release">
				<Option output="../bin/Zelda" prefix_auto="1" extension_auto="1" />
				<Option working_dir="../bin" />
				<Option object_output="obj/Release/" />
				<Option type="0" />
				<Option compiler="gcc" />
				<Compiler>
					<Add option="-O2" />
					<Add directory="include" />
				</Compiler>
				<Linker>
					<Add option="-s" />
				</Linker>
			</Target>
		</Build>
		<Compiler>
			<Add option="-std=c++11" />
			<Add option="-fexceptions" />
			<Add directory="/usr/local/include/OGRE/Plugins/OctreeSceneManager" />
			<Add directory="/usr/local/include/PagedGeometry" />
			<Add directory="/usr/local/include/cegui-0" />
			<Add directory="/usr/local/include/bullet" />
			<Add directory="../Zelda" />
			<Add directory="../Zelda/Common" />
			<Add directory="." />
			<Add directory=".." />
		</Compiler>
		<Linker>
			<Add library="boost_system" />
			<Add library="boost_regex" />
			<Add library="../../tinyxml2/build_linux/libtinyxml2.so" />
			<Add directory="/bin/Debug" />
			<Add directory="/bin/Release" />
		</Linker>
		<Unit filename="../Zelda/Common/Android/Android.hpp" />
		<Unit filename="../Zelda/Common/Android/AndroidInput.hpp" />
		<Unit filename="../Zelda/Common/Android/Logger.hpp" />
		<Unit filename="../Zelda/Common/Android/OgreStaticPluginLoader.h" />
		<Unit filename="../Zelda/Common/Config/TypeDefines.hpp" />
		<Unit filename="../Zelda/Common/DotSceneLoader/DotSceneLoader.cpp" />
		<Unit filename="../Zelda/Common/DotSceneLoader/DotSceneLoader.hpp" />
		<Unit filename="../Zelda/Common/DotSceneLoader/DotSceneLoaderCallback.hpp" />
		<Unit filename="../Zelda/Common/DotSceneLoader/UserData.cpp" />
		<Unit filename="../Zelda/Common/DotSceneLoader/UserData.hpp" />
		<Unit filename="../Zelda/Common/FileManager/FileManager.cpp" />
		<Unit filename="../Zelda/Common/FileManager/FileManager.hpp" />
		<Unit filename="../Zelda/Common/GUI/GUIManager.cpp" />
		<Unit filename="../Zelda/Common/GUI/GUIManager.hpp" />
		<Unit filename="../Zelda/Common/GUI/GUIOverlay.hpp" />
		<Unit filename="../Zelda/Common/Game.cpp" />
		<Unit filename="../Zelda/Common/Game.hpp" />
		<Unit filename="../Zelda/Common/GameLogic/Entity.cpp" />
		<Unit filename="../Zelda/Common/GameLogic/Entity.hpp" />
		<Unit filename="../Zelda/Common/GameLogic/Events/Actions/Action.cpp" />
		<Unit filename="../Zelda/Common/GameLogic/Events/Actions/Action.hpp" />
		<Unit filename="../Zelda/Common/GameLogic/Events/Actions/ActionCreator.cpp" />
		<Unit filename="../Zelda/Common/GameLogic/Events/Actions/ActionCreator.hpp" />
		<Unit filename="../Zelda/Common/GameLogic/Events/Actions/ActionMessage.cpp" />
		<Unit filename="../Zelda/Common/GameLogic/Events/Actions/ActionMessage.hpp" />
		<Unit filename="../Zelda/Common/GameLogic/Events/Actions/ActionTypes.cpp" />
		<Unit filename="../Zelda/Common/GameLogic/Events/Actions/ActionTypes.hpp" />
		<Unit filename="../Zelda/Common/GameLogic/Events/EmitOnCollision.cpp" />
		<Unit filename="../Zelda/Common/GameLogic/Events/EmitOnCollision.hpp" />
		<Unit filename="../Zelda/Common/GameLogic/Events/Emitter.cpp" />
		<Unit filename="../Zelda/Common/GameLogic/Events/Emitter.hpp" />
		<Unit filename="../Zelda/Common/GameLogic/Events/EmitterCreator.cpp" />
		<Unit filename="../Zelda/Common/GameLogic/Events/EmitterCreator.hpp" />
		<Unit filename="../Zelda/Common/GameLogic/Events/EmitterTypes.cpp" />
		<Unit filename="../Zelda/Common/GameLogic/Events/EmitterTypes.hpp" />
		<Unit filename="../Zelda/Common/GameLogic/Events/Event.cpp" />
		<Unit filename="../Zelda/Common/GameLogic/Events/Event.hpp" />
		<Unit filename="../Zelda/Common/GameLogic/GameState.cpp" />
		<Unit filename="../Zelda/Common/GameLogic/GameState.hpp" />
		<Unit filename="../Zelda/Common/GameLogic/GameStateManager.cpp" />
		<Unit filename="../Zelda/Common/GameLogic/GameStateManager.hpp" />
		<Unit filename="../Zelda/Common/GameLogic/GameStateTypes.cpp" />
		<Unit filename="../Zelda/Common/GameLogic/GameStateTypes.hpp" />
		<Unit filename="../Zelda/Common/Input/GameInputCommand.hpp" />
		<Unit filename="../Zelda/Common/Input/GameInputListener.cpp" />
		<Unit filename="../Zelda/Common/Input/GameInputListener.hpp" />
		<Unit filename="../Zelda/Common/Input/GameInputManager.cpp" />
		<Unit filename="../Zelda/Common/Input/GameInputManager.hpp" />
		<Unit filename="../Zelda/Common/Input/InputListener.cpp" />
		<Unit filename="../Zelda/Common/Input/InputListener.hpp" />
		<Unit filename="../Zelda/Common/InputDefines.hpp" />
		<Unit filename="../Zelda/Common/Log.hpp" />
		<Unit filename="../Zelda/Common/Message/Message.cpp" />
		<Unit filename="../Zelda/Common/Message/Message.hpp" />
		<Unit filename="../Zelda/Common/Message/MessageCreator.cpp" />
		<Unit filename="../Zelda/Common/Message/MessageCreator.hpp" />
		<Unit filename="../Zelda/Common/Message/MessageHandler.cpp" />
		<Unit filename="../Zelda/Common/Message/MessageHandler.hpp" />
		<Unit filename="../Zelda/Common/Message/MessageInjector.hpp" />
		<Unit filename="../Zelda/Common/Message/MessageSwitchMap.cpp" />
		<Unit filename="../Zelda/Common/Message/MessageSwitchMap.hpp" />
		<Unit filename="../Zelda/Common/Message/MessageTargetReached.cpp" />
		<Unit filename="../Zelda/Common/Message/MessageTargetReached.hpp" />
		<Unit filename="../Zelda/Common/Message/MessageTypes.cpp" />
		<Unit filename="../Zelda/Common/Message/MessageTypes.hpp" />
		<Unit filename="../Zelda/Common/Physics/BtOgre.cpp" />
		<Unit filename="../Zelda/Common/Physics/BtOgreExtras.cpp" />
		<Unit filename="../Zelda/Common/Physics/BtOgreExtras.h" />
		<Unit filename="../Zelda/Common/Physics/BtOgreGP.h" />
		<Unit filename="../Zelda/Common/Physics/BtOgrePG.h" />
		<Unit filename="../Zelda/Common/Physics/PhysicsManager.cpp" />
		<Unit filename="../Zelda/Common/Physics/PhysicsManager.h" />
		<Unit filename="../Zelda/Common/Physics/PhysicsMasks.hpp" />
		<Unit filename="../Zelda/Common/Physics/PhysicsUserPointer.h" />
		<Unit filename="../Zelda/Common/ShaderGenerator.hpp" />
		<Unit filename="../Zelda/Common/Util/DebugDrawer.cpp" />
		<Unit filename="../Zelda/Common/Util/DebugDrawer.hpp" />
		<Unit filename="../Zelda/Common/Util/DeleteSceneNode.cpp" />
		<Unit filename="../Zelda/Common/Util/DeleteSceneNode.hpp" />
		<Unit filename="../Zelda/Common/Util/EnumIdMap.hpp" />
		<Unit filename="../Zelda/Common/Util/Sleep.cpp" />
		<Unit filename="../Zelda/Common/Util/Sleep.hpp" />
		<Unit filename="../Zelda/Common/Util/XMLHelper.cpp" />
		<Unit filename="../Zelda/Common/Util/XMLHelper.hpp" />
		<Unit filename="../Zelda/Common/XMLResources/Manager.cpp" />
		<Unit filename="../Zelda/Common/XMLResources/Manager.hpp" />
		<Unit filename="../Zelda/Common/main.cpp" />
		<Unit filename="../Zelda/Common/tinyxml2/tinyxml2.cpp" />
		<Unit filename="../Zelda/Common/tinyxml2/tinyxml2.h" />
		<Unit filename="../Zelda/GUIComponents/GUICounter.cpp" />
		<Unit filename="../Zelda/GUIComponents/GUICounter.hpp" />
		<Unit filename="../Zelda/GUIComponents/GUIHeartsDisplay.cpp" />
		<Unit filename="../Zelda/GUIComponents/GUIHeartsDisplay.hpp" />
		<Unit filename="../Zelda/GlobalBuildDefines.hpp" />
		<Unit filename="../Zelda/MainMenu/MainMenu.cpp" />
		<Unit filename="../Zelda/MainMenu/MainMenu.hpp" />
		<Unit filename="../Zelda/MainMenu/SlotSelector.cpp" />
		<Unit filename="../Zelda/MainMenu/SlotSelector.hpp" />
		<Unit filename="../Zelda/World/Atlas/Atlas.cpp" />
		<Unit filename="../Zelda/World/Atlas/Atlas.hpp" />
		<Unit filename="../Zelda/World/Atlas/Map.cpp" />
		<Unit filename="../Zelda/World/Atlas/Map.hpp" />
		<Unit filename="../Zelda/World/Atlas/MapPack.cpp" />
		<Unit filename="../Zelda/World/Atlas/MapPack.hpp" />
		<Unit filename="../Zelda/World/Atlas/MapPackParserListener.hpp" />
		<Unit filename="../Zelda/World/Atlas/Region.cpp" />
		<Unit filename="../Zelda/World/Atlas/Region.hpp" />
		<Unit filename="../Zelda/World/Atlas/RegionInfo.hpp" />
		<Unit filename="../Zelda/World/Camera/AerialCameraPerspective.cpp" />
		<Unit filename="../Zelda/World/Camera/AerialCameraPerspective.hpp" />
		<Unit filename="../Zelda/World/Character/Character.cpp" />
		<Unit filename="../Zelda/World/Character/Character.h" />
		<Unit filename="../Zelda/World/Character/CharacterController.h" />
		<Unit filename="../Zelda/World/Character/CharacterController_Physics.cpp" />
		<Unit filename="../Zelda/World/Character/CharacterController_Physics.h" />
		<Unit filename="../Zelda/World/Character/Person.cpp" />
		<Unit filename="../Zelda/World/Character/Person.h" />
		<Unit filename="../Zelda/World/Character/PersonController.cpp" />
		<Unit filename="../Zelda/World/Character/PersonController.h" />
		<Unit filename="../Zelda/World/Character/Player.cpp" />
		<Unit filename="../Zelda/World/Character/Player.h" />
		<Unit filename="../Zelda/World/Character/PlayerController.cpp" />
		<Unit filename="../Zelda/World/Character/PlayerController.h" />
		<Unit filename="../Zelda/World/Character/PlayerData.cpp" />
		<Unit filename="../Zelda/World/Character/PlayerData.h" />
		<Unit filename="../Zelda/World/Character/PlayerTool.cpp" />
		<Unit filename="../Zelda/World/Character/PlayerTool.h" />
		<Unit filename="../Zelda/World/Character/SimpleEnemy.cpp" />
		<Unit filename="../Zelda/World/Character/SimpleEnemy.h" />
		<Unit filename="../Zelda/World/Character/SimpleEnemyController.cpp" />
		<Unit filename="../Zelda/World/Character/SimpleEnemyController.h" />
		<Unit filename="../Zelda/World/Character/SimpleFriend.cpp" />
		<Unit filename="../Zelda/World/Character/SimpleFriend.h" />
		<Unit filename="../Zelda/World/Damage.cpp" />
		<Unit filename="../Zelda/World/Damage.hpp" />
		<Unit filename="../Zelda/World/DamageTypes.hpp" />
		<Unit filename="../Zelda/World/GlobalCollisionShapesTypes.cpp" />
		<Unit filename="../Zelda/World/GlobalCollisionShapesTypes.hpp" />
		<Unit filename="../Zelda/World/HitableInterface.cpp" />
		<Unit filename="../Zelda/World/HitableInterface.hpp" />
		<Unit filename="../Zelda/World/Hitpoints.hpp" />
		<Unit filename="../Zelda/World/Objects/Object.cpp" />
		<Unit filename="../Zelda/World/Objects/Object.hpp" />
		<Unit filename="../Zelda/World/Objects/ObjectTypes.hpp" />
		<Unit filename="../Zelda/World/World.cpp" />
		<Unit filename="../Zelda/World/World.hpp" />
		<Unit filename="../Zelda/World/WorldEntity.cpp" />
		<Unit filename="../Zelda/World/WorldEntity.hpp" />
		<Unit filename="../Zelda/World/WorldGUI/HUD.cpp" />
		<Unit filename="../Zelda/World/WorldGUI/HUD.hpp" />
		<Unit filename="../Zelda/World/WorldGUI/WorldGUI.cpp" />
		<Unit filename="../Zelda/World/WorldGUI/WorldGUI.hpp" />
		<Unit filename="../Zelda/Zelda.cpp" />
		<Unit filename="../Zelda/Zelda.hpp" />
		<Unit filename="../dependencies/OgreSdkUtil/InputContext.h" />
		<Unit filename="../dependencies/OgreSdkUtil/SdkCameraMan.h" />
		<Unit filename="../dependencies/OgreSdkUtil/SdkTrays.h" />
		<Extensions>
			<code_completion>
				<search_path add="/usr/local/include/OGRE" />
				<search_path add="/usr/local/include/cegui-0/CEGUI" />
				<search_path add="/usr/include/OIS" />
			</code_completion>
			<debugger />
			<envvars />
			<lib_finder>
				<lib name="OGRE" />
				<lib name="pthread-stubs" />
				<lib name="bullet" />
				<lib name="CEGUI-0" />
				<lib name="CEGUI-0-OGRE" />
				<lib name="OIS" />
				<lib name="OGRE-Overlay" />
			</lib_finder>
		</Extensions>
	</Project>
</CodeBlocks_project_file>
